// !$*UTF8*$!
{
	archiveVersion = 1;
	classes = {
	};
	objectVersion = 46;
	objects = {

/* Begin PBXBuildFile section */
		1B920F861DC7BADF002EFE3C /* AppDelegate.swift in Sources */ = {isa = PBXBuildFile; fileRef = 1B920F851DC7BADF002EFE3C /* AppDelegate.swift */; };
		1B920F881DC7BADF002EFE3C /* ViewController.swift in Sources */ = {isa = PBXBuildFile; fileRef = 1B920F871DC7BADF002EFE3C /* ViewController.swift */; };
		1B920F8B1DC7BADF002EFE3C /* Main.storyboard in Resources */ = {isa = PBXBuildFile; fileRef = 1B920F891DC7BADF002EFE3C /* Main.storyboard */; };
		1B920F8D1DC7BADF002EFE3C /* Assets.xcassets in Resources */ = {isa = PBXBuildFile; fileRef = 1B920F8C1DC7BADF002EFE3C /* Assets.xcassets */; };
		1B920F901DC7BADF002EFE3C /* LaunchScreen.storyboard in Resources */ = {isa = PBXBuildFile; fileRef = 1B920F8E1DC7BADF002EFE3C /* LaunchScreen.storyboard */; };
		1B920F9B1DC7BAE0002EFE3C /* TestTests.swift in Sources */ = {isa = PBXBuildFile; fileRef = 1B920F9A1DC7BAE0002EFE3C /* TestTests.swift */; };
		1B920FA61DC7BAE0002EFE3C /* TestUITests.swift in Sources */ = {isa = PBXBuildFile; fileRef = 1B920FA51DC7BAE0002EFE3C /* TestUITests.swift */; };
/* End PBXBuildFile section */

/* Begin PBXContainerItemProxy section */
		1B920F971DC7BAE0002EFE3C /* PBXContainerItemProxy */ = {
			isa = PBXContainerItemProxy;
			containerPortal = 1B920F7A1DC7BADF002EFE3C /* Project object */;
			proxyType = 1;
			remoteGlobalIDString = 1B920F811DC7BADF002EFE3C;
			remoteInfo = Test;
		};
		1B920FA21DC7BAE0002EFE3C /* PBXContainerItemProxy */ = {
			isa = PBXContainerItemProxy;
			containerPortal = 1B920F7A1DC7BADF002EFE3C /* Project object */;
			proxyType = 1;
			remoteGlobalIDString = 1B920F811DC7BADF002EFE3C;
			remoteInfo = Test;
		};
/* End PBXContainerItemProxy section */

/* Begin PBXFileReference section */
		1B920F821DC7BADF002EFE3C /* Test.app */ = {isa = PBXFileReference; explicitFileType = wrapper.application; includeInIndex = 0; path = Test.app; sourceTree = BUILT_PRODUCTS_DIR; };
		1B920F851DC7BADF002EFE3C /* AppDelegate.swift */ = {isa = PBXFileReference; lastKnownFileType = sourcecode.swift; path = AppDelegate.swift; sourceTree = "<group>"; };
		1B920F871DC7BADF002EFE3C /* ViewController.swift */ = {isa = PBXFileReference; lastKnownFileType = sourcecode.swift; path = ViewController.swift; sourceTree = "<group>"; };
		1B920F8A1DC7BADF002EFE3C /* Base */ = {isa = PBXFileReference; lastKnownFileType = file.storyboard; name = Base; path = Base.lproj/Main.storyboard; sourceTree = "<group>"; };
		1B920F8C1DC7BADF002EFE3C /* Assets.xcassets */ = {isa = PBXFileReference; lastKnownFileType = folder.assetcatalog; path = Assets.xcassets; sourceTree = "<group>"; };
		1B920F8F1DC7BADF002EFE3C /* Base */ = {isa = PBXFileReference; lastKnownFileType = file.storyboard; name = Base; path = Base.lproj/LaunchScreen.storyboard; sourceTree = "<group>"; };
		1B920F911DC7BADF002EFE3C /* Info.plist */ = {isa = PBXFileReference; lastKnownFileType = text.plist.xml; path = Info.plist; sourceTree = "<group>"; };
		1B920F961DC7BAE0002EFE3C /* TestTests.xctest */ = {isa = PBXFileReference; explicitFileType = wrapper.cfbundle; includeInIndex = 0; path = TestTests.xctest; sourceTree = BUILT_PRODUCTS_DIR; };
		1B920F9A1DC7BAE0002EFE3C /* TestTests.swift */ = {isa = PBXFileReference; lastKnownFileType = sourcecode.swift; path = TestTests.swift; sourceTree = "<group>"; };
		1B920F9C1DC7BAE0002EFE3C /* Info.plist */ = {isa = PBXFileReference; lastKnownFileType = text.plist.xml; path = Info.plist; sourceTree = "<group>"; };
		1B920FA11DC7BAE0002EFE3C /* TestUITests.xctest */ = {isa = PBXFileReference; explicitFileType = wrapper.cfbundle; includeInIndex = 0; path = TestUITests.xctest; sourceTree = BUILT_PRODUCTS_DIR; };
		1B920FA51DC7BAE0002EFE3C /* TestUITests.swift */ = {isa = PBXFileReference; lastKnownFileType = sourcecode.swift; path = TestUITests.swift; sourceTree = "<group>"; };
		1B920FA71DC7BAE0002EFE3C /* Info.plist */ = {isa = PBXFileReference; lastKnownFileType = text.plist.xml; path = Info.plist; sourceTree = "<group>"; };
/* End PBXFileReference section */

/* Begin PBXFrameworksBuildPhase section */
		1B920F7F1DC7BADF002EFE3C /* Frameworks */ = {
			isa = PBXFrameworksBuildPhase;
			buildActionMask = 2147483647;
			files = (
			);
			runOnlyForDeploymentPostprocessing = 0;
		};
		1B920F931DC7BAE0002EFE3C /* Frameworks */ = {
			isa = PBXFrameworksBuildPhase;
			buildActionMask = 2147483647;
			files = (
			);
			runOnlyForDeploymentPostprocessing = 0;
		};
		1B920F9E1DC7BAE0002EFE3C /* Frameworks */ = {
			isa = PBXFrameworksBuildPhase;
			buildActionMask = 2147483647;
			files = (
			);
			runOnlyForDeploymentPostprocessing = 0;
		};
/* End PBXFrameworksBuildPhase section */

/* Begin PBXGroup section */
		1B920F791DC7BADF002EFE3C = {
			isa = PBXGroup;
			children = (
				1B920F841DC7BADF002EFE3C /* Test */,
				1B920F991DC7BAE0002EFE3C /* TestTests */,
				1B920FA41DC7BAE0002EFE3C /* TestUITests */,
				1B920F831DC7BADF002EFE3C /* Products */,
			);
			sourceTree = "<group>";
		};
		1B920F831DC7BADF002EFE3C /* Products */ = {
			isa = PBXGroup;
			children = (
				1B920F821DC7BADF002EFE3C /* Test.app */,
				1B920F961DC7BAE0002EFE3C /* TestTests.xctest */,
				1B920FA11DC7BAE0002EFE3C /* TestUITests.xctest */,
			);
			name = Products;
			sourceTree = "<group>";
		};
		1B920F841DC7BADF002EFE3C /* Test */ = {
			isa = PBXGroup;
			children = (
				1B920F851DC7BADF002EFE3C /* AppDelegate.swift */,
				1B920F871DC7BADF002EFE3C /* ViewController.swift */,
				1B920F891DC7BADF002EFE3C /* Main.storyboard */,
				1B920F8C1DC7BADF002EFE3C /* Assets.xcassets */,
				1B920F8E1DC7BADF002EFE3C /* LaunchScreen.storyboard */,
				1B920F911DC7BADF002EFE3C /* Info.plist */,
			);
			path = Test;
			sourceTree = "<group>";
		};
		1B920F991DC7BAE0002EFE3C /* TestTests */ = {
			isa = PBXGroup;
			children = (
				1B920F9A1DC7BAE0002EFE3C /* TestTests.swift */,
				1B920F9C1DC7BAE0002EFE3C /* Info.plist */,
			);
			path = TestTests;
			sourceTree = "<group>";
		};
		1B920FA41DC7BAE0002EFE3C /* TestUITests */ = {
			isa = PBXGroup;
			children = (
				1B920FA51DC7BAE0002EFE3C /* TestUITests.swift */,
				1B920FA71DC7BAE0002EFE3C /* Info.plist */,
			);
			path = TestUITests;
			sourceTree = "<group>";
		};
/* End PBXGroup section */

/* Begin PBXNativeTarget section */
		1B920F811DC7BADF002EFE3C /* Test */ = {
			isa = PBXNativeTarget;
			buildConfigurationList = 1B920FAA1DC7BAE0002EFE3C /* Build configuration list for PBXNativeTarget "Test" */;
			buildPhases = (
				1B920F7E1DC7BADF002EFE3C /* Sources */,
				1B920F7F1DC7BADF002EFE3C /* Frameworks */,
				1B920F801DC7BADF002EFE3C /* Resources */,
			);
			buildRules = (
			);
			dependencies = (
			);
			name = Test;
			productName = Test;
			productReference = 1B920F821DC7BADF002EFE3C /* Test.app */;
			productType = "com.apple.product-type.application";
		};
		1B920F951DC7BAE0002EFE3C /* TestTests */ = {
			isa = PBXNativeTarget;
			buildConfigurationList = 1B920FAD1DC7BAE0002EFE3C /* Build configuration list for PBXNativeTarget "TestTests" */;
			buildPhases = (
				1B920F921DC7BAE0002EFE3C /* Sources */,
				1B920F931DC7BAE0002EFE3C /* Frameworks */,
				1B920F941DC7BAE0002EFE3C /* Resources */,
			);
			buildRules = (
			);
			dependencies = (
				1B920F981DC7BAE0002EFE3C /* PBXTargetDependency */,
			);
			name = TestTests;
			productName = TestTests;
			productReference = 1B920F961DC7BAE0002EFE3C /* TestTests.xctest */;
			productType = "com.apple.product-type.bundle.unit-test";
		};
		1B920FA01DC7BAE0002EFE3C /* TestUITests */ = {
			isa = PBXNativeTarget;
			buildConfigurationList = 1B920FB01DC7BAE0002EFE3C /* Build configuration list for PBXNativeTarget "TestUITests" */;
			buildPhases = (
				1B920F9D1DC7BAE0002EFE3C /* Sources */,
				1B920F9E1DC7BAE0002EFE3C /* Frameworks */,
				1B920F9F1DC7BAE0002EFE3C /* Resources */,
			);
			buildRules = (
			);
			dependencies = (
				1B920FA31DC7BAE0002EFE3C /* PBXTargetDependency */,
			);
			name = TestUITests;
			productName = TestUITests;
			productReference = 1B920FA11DC7BAE0002EFE3C /* TestUITests.xctest */;
			productType = "com.apple.product-type.bundle.ui-testing";
		};
/* End PBXNativeTarget section */

/* Begin PBXProject section */
		1B920F7A1DC7BADF002EFE3C /* Project object */ = {
			isa = PBXProject;
			attributes = {
				LastSwiftUpdateCheck = 0800;
				LastUpgradeCheck = 0800;
				TargetAttributes = {
					1B920F811DC7BADF002EFE3C = {
						CreatedOnToolsVersion = 8.0;
						ProvisioningStyle = Automatic;
					};
					1B920F951DC7BAE0002EFE3C = {
						CreatedOnToolsVersion = 8.0;
						ProvisioningStyle = Automatic;
						TestTargetID = 1B920F811DC7BADF002EFE3C;
					};
					1B920FA01DC7BAE0002EFE3C = {
						CreatedOnToolsVersion = 8.0;
						ProvisioningStyle = Automatic;
						TestTargetID = 1B920F811DC7BADF002EFE3C;
					};
				};
			};
			buildConfigurationList = 1B920F7D1DC7BADF002EFE3C /* Build configuration list for PBXProject "Test" */;
			compatibilityVersion = "Xcode 3.2";
			developmentRegion = English;
			hasScannedForEncodings = 0;
			knownRegions = (
				en,
				Base,
			);
			mainGroup = 1B920F791DC7BADF002EFE3C;
			productRefGroup = 1B920F831DC7BADF002EFE3C /* Products */;
			projectDirPath = "";
			projectRoot = "";
			targets = (
				1B920F811DC7BADF002EFE3C /* Test */,
				1B920F951DC7BAE0002EFE3C /* TestTests */,
				1B920FA01DC7BAE0002EFE3C /* TestUITests */,
			);
		};
/* End PBXProject section */

/* Begin PBXResourcesBuildPhase section */
		1B920F801DC7BADF002EFE3C /* Resources */ = {
			isa = PBXResourcesBuildPhase;
			buildActionMask = 2147483647;
			files = (
				1B920F901DC7BADF002EFE3C /* LaunchScreen.storyboard in Resources */,
				1B920F8D1DC7BADF002EFE3C /* Assets.xcassets in Resources */,
				1B920F8B1DC7BADF002EFE3C /* Main.storyboard in Resources */,
			);
			runOnlyForDeploymentPostprocessing = 0;
		};
		1B920F941DC7BAE0002EFE3C /* Resources */ = {
			isa = PBXResourcesBuildPhase;
			buildActionMask = 2147483647;
			files = (
			);
			runOnlyForDeploymentPostprocessing = 0;
		};
		1B920F9F1DC7BAE0002EFE3C /* Resources */ = {
			isa = PBXResourcesBuildPhase;
			buildActionMask = 2147483647;
			files = (
			);
			runOnlyForDeploymentPostprocessing = 0;
		};
/* End PBXResourcesBuildPhase section */

/* Begin PBXSourcesBuildPhase section */
		1B920F7E1DC7BADF002EFE3C /* Sources */ = {
			isa = PBXSourcesBuildPhase;
			buildActionMask = 2147483647;
			files = (
				1B920F881DC7BADF002EFE3C /* ViewController.swift in Sources */,
				1B920F861DC7BADF002EFE3C /* AppDelegate.swift in Sources */,
			);
			runOnlyForDeploymentPostprocessing = 0;
		};
		1B920F921DC7BAE0002EFE3C /* Sources */ = {
			isa = PBXSourcesBuildPhase;
			buildActionMask = 2147483647;
			files = (
				1B920F9B1DC7BAE0002EFE3C /* TestTests.swift in Sources */,
			);
			runOnlyForDeploymentPostprocessing = 0;
		};
		1B920F9D1DC7BAE0002EFE3C /* Sources */ = {
			isa = PBXSourcesBuildPhase;
			buildActionMask = 2147483647;
			files = (
				1B920FA61DC7BAE0002EFE3C /* TestUITests.swift in Sources */,
			);
			runOnlyForDeploymentPostprocessing = 0;
		};
/* End PBXSourcesBuildPhase section */

/* Begin PBXTargetDependency section */
		1B920F981DC7BAE0002EFE3C /* PBXTargetDependency */ = {
			isa = PBXTargetDependency;
			target = 1B920F811DC7BADF002EFE3C /* Test */;
			targetProxy = 1B920F971DC7BAE0002EFE3C /* PBXContainerItemProxy */;
		};
		1B920FA31DC7BAE0002EFE3C /* PBXTargetDependency */ = {
			isa = PBXTargetDependency;
			target = 1B920F811DC7BADF002EFE3C /* Test */;
			targetProxy = 1B920FA21DC7BAE0002EFE3C /* PBXContainerItemProxy */;
		};
/* End PBXTargetDependency section */

/* Begin PBXVariantGroup section */
		1B920F891DC7BADF002EFE3C /* Main.storyboard */ = {
			isa = PBXVariantGroup;
			children = (
				1B920F8A1DC7BADF002EFE3C /* Base */,
			);
			name = Main.storyboard;
			sourceTree = "<group>";
		};
		1B920F8E1DC7BADF002EFE3C /* LaunchScreen.storyboard */ = {
			isa = PBXVariantGroup;
			children = (
				1B920F8F1DC7BADF002EFE3C /* Base */,
			);
			name = LaunchScreen.storyboard;
			sourceTree = "<group>";
		};
/* End PBXVariantGroup section */

/* Begin XCBuildConfiguration section */
		1B920FA81DC7BAE0002EFE3C /* Debug */ = {
			isa = XCBuildConfiguration;
			buildSettings = {
				ALWAYS_SEARCH_USER_PATHS = NO;
				CLANG_ANALYZER_NONNULL = YES;
				CLANG_CXX_LANGUAGE_STANDARD = "gnu++0x";
				CLANG_CXX_LIBRARY = "libc++";
				CLANG_ENABLE_MODULES = YES;
				CLANG_ENABLE_OBJC_ARC = YES;
				CLANG_WARN_BOOL_CONVERSION = YES;
				CLANG_WARN_CONSTANT_CONVERSION = YES;
				CLANG_WARN_DIRECT_OBJC_ISA_USAGE = YES_ERROR;
				CLANG_WARN_DOCUMENTATION_COMMENTS = YES;
				CLANG_WARN_EMPTY_BODY = YES;
				CLANG_WARN_ENUM_CONVERSION = YES;
				CLANG_WARN_INFINITE_RECURSION = YES;
				CLANG_WARN_INT_CONVERSION = YES;
				CLANG_WARN_OBJC_ROOT_CLASS = YES_ERROR;
				CLANG_WARN_SUSPICIOUS_MOVES = YES;
				CLANG_WARN_UNREACHABLE_CODE = YES;
				CLANG_WARN__DUPLICATE_METHOD_MATCH = YES;
				"CODE_SIGN_IDENTITY[sdk=iphoneos*]" = "iPhone Developer";
				COPY_PHASE_STRIP = NO;
				DEBUG_INFORMATION_FORMAT = dwarf;
				ENABLE_STRICT_OBJC_MSGSEND = YES;
				ENABLE_TESTABILITY = YES;
				GCC_C_LANGUAGE_STANDARD = gnu99;
				GCC_DYNAMIC_NO_PIC = NO;
				GCC_NO_COMMON_BLOCKS = YES;
				GCC_OPTIMIZATION_LEVEL = 0;
				GCC_PREPROCESSOR_DEFINITIONS = (
					"DEBUG=1",
					"$(inherited)",
				);
				GCC_WARN_64_TO_32_BIT_CONVERSION = YES;
				GCC_WARN_ABOUT_RETURN_TYPE = YES_ERROR;
				GCC_WARN_UNDECLARED_SELECTOR = YES;
				GCC_WARN_UNINITIALIZED_AUTOS = YES_AGGRESSIVE;
				GCC_WARN_UNUSED_FUNCTION = YES;
				GCC_WARN_UNUSED_VARIABLE = YES;
				IPHONEOS_DEPLOYMENT_TARGET = 10.0;
				MTL_ENABLE_DEBUG_INFO = YES;
				ONLY_ACTIVE_ARCH = YES;
				SDKROOT = iphoneos;
				SWIFT_ACTIVE_COMPILATION_CONDITIONS = DEBUG;
				SWIFT_OPTIMIZATION_LEVEL = "-Onone";
				TARGETED_DEVICE_FAMILY = "1,2";
			};
			name = Debug;
		};
		1B920FA91DC7BAE0002EFE3C /* Release */ = {
			isa = XCBuildConfiguration;
			buildSettings = {
				ALWAYS_SEARCH_USER_PATHS = NO;
				CLANG_ANALYZER_NONNULL = YES;
				CLANG_CXX_LANGUAGE_STANDARD = "gnu++0x";
				CLANG_CXX_LIBRARY = "libc++";
				CLANG_ENABLE_MODULES = YES;
				CLANG_ENABLE_OBJC_ARC = YES;
				CLANG_WARN_BOOL_CONVERSION = YES;
				CLANG_WARN_CONSTANT_CONVERSION = YES;
				CLANG_WARN_DIRECT_OBJC_ISA_USAGE = YES_ERROR;
				CLANG_WARN_DOCUMENTATION_COMMENTS = YES;
				CLANG_WARN_EMPTY_BODY = YES;
				CLANG_WARN_ENUM_CONVERSION = YES;
				CLANG_WARN_INFINITE_RECURSION = YES;
				CLANG_WARN_INT_CONVERSION = YES;
				CLANG_WARN_OBJC_ROOT_CLASS = YES_ERROR;
				CLANG_WARN_SUSPICIOUS_MOVES = YES;
				CLANG_WARN_UNREACHABLE_CODE = YES;
				CLANG_WARN__DUPLICATE_METHOD_MATCH = YES;
				"CODE_SIGN_IDENTITY[sdk=iphoneos*]" = "iPhone Developer";
				COPY_PHASE_STRIP = NO;
				DEBUG_INFORMATION_FORMAT = "dwarf-with-dsym";
				ENABLE_NS_ASSERTIONS = NO;
				ENABLE_STRICT_OBJC_MSGSEND = YES;
				GCC_C_LANGUAGE_STANDARD = gnu99;
				GCC_NO_COMMON_BLOCKS = YES;
				GCC_WARN_64_TO_32_BIT_CONVERSION = YES;
				GCC_WARN_ABOUT_RETURN_TYPE = YES_ERROR;
				GCC_WARN_UNDECLARED_SELECTOR = YES;
				GCC_WARN_UNINITIALIZED_AUTOS = YES_AGGRESSIVE;
				GCC_WARN_UNUSED_FUNCTION = YES;
				GCC_WARN_UNUSED_VARIABLE = YES;
				IPHONEOS_DEPLOYMENT_TARGET = 10.0;
				MTL_ENABLE_DEBUG_INFO = NO;
				SDKROOT = iphoneos;
				SWIFT_OPTIMIZATION_LEVEL = "-Owholemodule";
				TARGETED_DEVICE_FAMILY = "1,2";
				VALIDATE_PRODUCT = YES;
			};
			name = Release;
		};
		1B920FAB1DC7BAE0002EFE3C /* Debug */ = {
			isa = XCBuildConfiguration;
			buildSettings = {
				ASSETCATALOG_COMPILER_APPICON_NAME = AppIcon;
				INFOPLIST_FILE = Test/Info.plist;
				LD_RUNPATH_SEARCH_PATHS = "$(inherited) @executable_path/Frameworks";
				PRODUCT_BUNDLE_IDENTIFIER = com.example.Test;
				PRODUCT_NAME = "$(TARGET_NAME)";
				SWIFT_VERSION = 3.0;
			};
			name = Debug;
		};
		1B920FAC1DC7BAE0002EFE3C /* Release */ = {
			isa = XCBuildConfiguration;
			buildSettings = {
				ASSETCATALOG_COMPILER_APPICON_NAME = AppIcon;
				INFOPLIST_FILE = Test/Info.plist;
				LD_RUNPATH_SEARCH_PATHS = "$(inherited) @executable_path/Frameworks";
				PRODUCT_BUNDLE_IDENTIFIER = com.example.Test;
				PRODUCT_NAME = "$(TARGET_NAME)";
				SWIFT_VERSION = 3.0;
			};
			name = Release;
		};
		1B920FAE1DC7BAE0002EFE3C /* Debug */ = {
			isa = XCBuildConfiguration;
			buildSettings = {
				ALWAYS_EMBED_SWIFT_STANDARD_LIBRARIES = YES;
				BUNDLE_LOADER = "$(TEST_HOST)";
				INFOPLIST_FILE = TestTests/Info.plist;
				LD_RUNPATH_SEARCH_PATHS = "$(inherited) @executable_path/Frameworks @loader_path/Frameworks";
				PRODUCT_BUNDLE_IDENTIFIER = com.example.TestTests;
				PRODUCT_NAME = "$(TARGET_NAME)";
				SWIFT_VERSION = 3.0;
				TEST_HOST = "$(BUILT_PRODUCTS_DIR)/Test.app/Test";
			};
			name = Debug;
		};
		1B920FAF1DC7BAE0002EFE3C /* Release */ = {
			isa = XCBuildConfiguration;
			buildSettings = {
				ALWAYS_EMBED_SWIFT_STANDARD_LIBRARIES = YES;
				BUNDLE_LOADER = "$(TEST_HOST)";
				INFOPLIST_FILE = TestTests/Info.plist;
				LD_RUNPATH_SEARCH_PATHS = "$(inherited) @executable_path/Frameworks @loader_path/Frameworks";
				PRODUCT_BUNDLE_IDENTIFIER = com.example.TestTests;
				PRODUCT_NAME = "$(TARGET_NAME)";
				SWIFT_VERSION = 3.0;
				TEST_HOST = "$(BUILT_PRODUCTS_DIR)/Test.app/Test";
			};
			name = Release;
		};
		1B920FB11DC7BAE0002EFE3C /* Debug */ = {
			isa = XCBuildConfiguration;
			buildSettings = {
				ALWAYS_EMBED_SWIFT_STANDARD_LIBRARIES = YES;
				INFOPLIST_FILE = TestUITests/Info.plist;
				LD_RUNPATH_SEARCH_PATHS = "$(inherited) @executable_path/Frameworks @loader_path/Frameworks";
				PRODUCT_BUNDLE_IDENTIFIER = com.example.TestUITests;
				PRODUCT_NAME = "$(TARGET_NAME)";
				SWIFT_VERSION = 3.0;
				TEST_TARGET_NAME = Test;
			};
			name = Debug;
		};
		1B920FB21DC7BAE0002EFE3C /* Release */ = {
			isa = XCBuildConfiguration;
			buildSettings = {
				ALWAYS_EMBED_SWIFT_STANDARD_LIBRARIES = YES;
				INFOPLIST_FILE = TestUITests/Info.plist;
				LD_RUNPATH_SEARCH_PATHS = "$(inherited) @executable_path/Frameworks @loader_path/Frameworks";
				PRODUCT_BUNDLE_IDENTIFIER = com.example.TestUITests;
				PRODUCT_NAME = "$(TARGET_NAME)";
				SWIFT_VERSION = 3.0;
				TEST_TARGET_NAME = Test;
			};
			name = Release;
		};
/* End XCBuildConfiguration section */

/* Begin XCConfigurationList section */
		1B920F7D1DC7BADF002EFE3C /* Build configuration list for PBXProject "Test" */ = {
			isa = XCConfigurationList;
			buildConfigurations = (
				1B920FA81DC7BAE0002EFE3C /* Debug */,
				1B920FA91DC7BAE0002EFE3C /* Release */,
			);
			defaultConfigurationIsVisible = 0;
			defaultConfigurationName = Release;
		};
		1B920FAA1DC7BAE0002EFE3C /* Build configuration list for PBXNativeTarget "Test" */ = {
			isa = XCConfigurationList;
			buildConfigurations = (
				1B920FAB1DC7BAE0002EFE3C /* Debug */,
				1B920FAC1DC7BAE0002EFE3C /* Release */,
			);
			defaultConfigurationIsVisible = 0;
		};
		1B920FAD1DC7BAE0002EFE3C /* Build configuration list for PBXNativeTarget "TestTests" */ = {
			isa = XCConfigurationList;
			buildConfigurations = (
				1B920FAE1DC7BAE0002EFE3C /* Debug */,
				1B920FAF1DC7BAE0002EFE3C /* Release */,
			);
			defaultConfigurationIsVisible = 0;
		};
		1B920FB01DC7BAE0002EFE3C /* Build configuration list for PBXNativeTarget "TestUITests" */ = {
			isa = XCConfigurationList;
			buildConfigurations = (
				1B920FB11DC7BAE0002EFE3C /* Debug */,
				1B920FB21DC7BAE0002EFE3C /* Release */,
			);
			defaultConfigurationIsVisible = 0;
		};
/* End XCConfigurationList section */
	};
	rootObject = 1B920F7A1DC7BADF002EFE3C /* Project object */;
}
